{
  "name": "donuts",
  "version": "0.1.0",
  "lockfileVersion": 1,
  "requires": true,
  "dependencies": {
    "react": {
      "version": "15.6.1",
      "resolved": "http://registry.npm.taobao.org/react/download/react-15.6.1.tgz",
      "integrity": "sha1-uqhDTsZ4C96ZfNw4C3nNM7ljk98="
    },
    "react-dom": {
      "version": "15.6.1",
      "resolved": "http://registry.npm.taobao.org/react-dom/download/react-dom-15.6.1.tgz",
      "integrity": "sha1-LLDtQZEDjlPCCes6eaI+Kkz5lHA="
    },
    "react-router-dom": {
      "version": "4.1.1",
      "resolved": "http://registry.npm.taobao.org/react-router-dom/download/react-router-dom-4.1.1.tgz",
      "integrity": "sha1-MCGt4fLBYK+Xz5TiVZTF8pRYMCU=",
      "dev": true
    },
    "react-scripts": {
      "version": "0.9.5",
      "resolved": "http://registry.npm.taobao.org/react-scripts/download/react-scripts-0.9.5.tgz",
      "integrity": "sha1-6fBchCficTFmKpudepeG0f8Wuz8=",
      "dev": true,
      "dependencies": {
        "promise": {
          "version": "7.1.1",
          "resolved": "http://registry.npm.taobao.org/promise/download/promise-7.1.1.tgz",
          "integrity": "sha1-SJZUxpJha4qlWwck+oCbt9tJxb8="
        },
        "whatwg-fetch": {
          "version": "2.0.2",
          "resolved": "http://registry.npm.taobao.org/whatwg-fetch/download/whatwg-fetch-2.0.2.tgz",
          "integrity": "sha1-/ilNHYnjbFvosxlQV/LkvHT8mA4="
        }
      }
    }
  }
}
